# THIS IS AN AUTOGENERATED FILE. DO NOT EDIT THIS FILE DIRECTLY.
# yarn lockfile v1


angular-resource@^1.4.3:
  version "1.7.2"
  resolved "https://registry.yarnpkg.com/angular-resource/-/angular-resource-1.7.2.tgz#36d1ddf40682b98f7a95803d63a64cc4ce5672a8"

"angular-route@^ 1.4.3":
  version "1.7.2"
  resolved "https://registry.yarnpkg.com/angular-route/-/angular-route-1.7.2.tgz#a24b7a0c8ef09a3d4e2ca20de7f84e0e857a61ae"

angular@^1.7.9:
  version "1.7.9"
  resolved "https://registry.yarnpkg.com/angular/-/angular-1.7.9.tgz#e52616e8701c17724c3c238cfe4f9446fd570bc4"

todomvc-app-css@^2.1.0:
  version "2.1.2"
  resolved "https://registry.yarnpkg.com/todomvc-app-css/-/todomvc-app-css-2.1.2.tgz#f644c1308ba51b983436497e30f3abe961ca9c62"

todomvc-common@^1.0.0:
  version "1.0.5"
  resolved "https://registry.yarnpkg.com/todomvc-common/-/todomvc-common-1.0.5.tgz#8c3e799ac9f1fc1573e0c204f984510826914730"
